// !$*UTF8*$!
{
	archiveVersion = 1;
	classes = {
	};
	objectVersion = 50;
	objects = {

/* Begin PBXBuildFile section */
		7F56E521213EDE6E0053AB31 /* AppDelegate.swift in Sources */ = {isa = PBXBuildFile; fileRef = 7F56E520213EDE6E0053AB31 /* AppDelegate.swift */; };
		7F56E523213EDE6E0053AB31 /* ViewController.swift in Sources */ = {isa = PBXBuildFile; fileRef = 7F56E522213EDE6E0053AB31 /* ViewController.swift */; };
		7F56E526213EDE6E0053AB31 /* Main.storyboard in Resources */ = {isa = PBXBuildFile; fileRef = 7F56E524213EDE6E0053AB31 /* Main.storyboard */; };
		7F56E528213EDE6F0053AB31 /* Assets.xcassets in Resources */ = {isa = PBXBuildFile; fileRef = 7F56E527213EDE6F0053AB31 /* Assets.xcassets */; };
		7F56E52B213EDE6F0053AB31 /* LaunchScreen.storyboard in Resources */ = {isa = PBXBuildFile; fileRef = 7F56E529213EDE6F0053AB31 /* LaunchScreen.storyboard */; };
/* End PBXBuildFile section */

/* Begin PBXFileReference section */
		7F56E51D213EDE6D0053AB31 /* Buttons,Labels,Action,outlets.app */ = {isa = PBXFileReference; explicitFileType = wrapper.application; includeInIndex = 0; path = "Buttons,Labels,Action,outlets.app"; sourceTree = BUILT_PRODUCTS_DIR; };
		7F56E520213EDE6E0053AB31 /* AppDelegate.swift */ = {isa = PBXFileReference; lastKnownFileType = sourcecode.swift; path = AppDelegate.swift; sourceTree = "<group>"; };
		7F56E522213EDE6E0053AB31 /* ViewController.swift */ = {isa = PBXFileReference; lastKnownFileType = sourcecode.swift; path = ViewController.swift; sourceTree = "<group>"; };
		7F56E525213EDE6E0053AB31 /* Base */ = {isa = PBXFileReference; lastKnownFileType = file.storyboard; name = Base; path = Base.lproj/Main.storyboard; sourceTree = "<group>"; };
		7F56E527213EDE6F0053AB31 /* Assets.xcassets */ = {isa = PBXFileReference; lastKnownFileType = folder.assetcatalog; path = Assets.xcassets; sourceTree = "<group>"; };
		7F56E52A213EDE6F0053AB31 /* Base */ = {isa = PBXFileReference; lastKnownFileType = file.storyboard; name = Base; path = Base.lproj/LaunchScreen.storyboard; sourceTree = "<group>"; };
		7F56E52C213EDE6F0053AB31 /* Info.plist */ = {isa = PBXFileReference; lastKnownFileType = text.plist.xml; path = Info.plist; sourceTree = "<group>"; };
/* End PBXFileReference section */

/* Begin PBXFrameworksBuildPhase section */
		7F56E51A213EDE6D0053AB31 /* Frameworks */ = {
			isa = PBXFrameworksBuildPhase;
			buildActionMask = 2147483647;
			files = (
			);
			runOnlyForDeploymentPostprocessing = 0;
		};
/* End PBXFrameworksBuildPhase section */

/* Begin PBXGroup section */
		7F56E514213EDE6D0053AB31 = {
			isa = PBXGroup;
			children = (
				7F56E51F213EDE6D0053AB31 /* Buttons,Labels,Action,outlets */,
				7F56E51E213EDE6D0053AB31 /* Products */,
			);
			sourceTree = "<group>";
		};
		7F56E51E213EDE6D0053AB31 /* Products */ = {
			isa = PBXGroup;
			children = (
				7F56E51D213EDE6D0053AB31 /* Buttons,Labels,Action,outlets.app */,
			);
			name = Products;
			sourceTree = "<group>";
		};
		7F56E51F213EDE6D0053AB31 /* Buttons,Labels,Action,outlets */ = {
			isa = PBXGroup;
			children = (
				7F56E520213EDE6E0053AB31 /* AppDelegate.swift */,
				7F56E522213EDE6E0053AB31 /* ViewController.swift */,
				7F56E524213EDE6E0053AB31 /* Main.storyboard */,
				7F56E527213EDE6F0053AB31 /* Assets.xcassets */,
				7F56E529213EDE6F0053AB31 /* LaunchScreen.storyboard */,
				7F56E52C213EDE6F0053AB31 /* Info.plist */,
			);
			path = "Buttons,Labels,Action,outlets";
			sourceTree = "<group>";
		};
/* End PBXGroup section */

/* Begin PBXNativeTarget section */
		7F56E51C213EDE6D0053AB31 /* Buttons,Labels,Action,outlets */ = {
			isa = PBXNativeTarget;
			buildConfigurationList = 7F56E52F213EDE6F0053AB31 /* Build configuration list for PBXNativeTarget "Buttons,Labels,Action,outlets" */;
			buildPhases = (
				7F56E519213EDE6D0053AB31 /* Sources */,
				7F56E51A213EDE6D0053AB31 /* Frameworks */,
				7F56E51B213EDE6D0053AB31 /* Resources */,
			);
			buildRules = (
			);
			dependencies = (
			);
			name = "Buttons,Labels,Action,outlets";
			productName = "Buttons,Labels,Action,outlets";
			productReference = 7F56E51D213EDE6D0053AB31 /* Buttons,Labels,Action,outlets.app */;
			productType = "com.apple.product-type.application";
		};
/* End PBXNativeTarget section */

/* Begin PBXProject section */
		7F56E515213EDE6D0053AB31 /* Project object */ = {
			isa = PBXProject;
			attributes = {
				LastSwiftUpdateCheck = 0940;
				LastUpgradeCheck = 0940;
				ORGANIZATIONNAME = "GINO CHAVEZ";
				TargetAttributes = {
					7F56E51C213EDE6D0053AB31 = {
						CreatedOnToolsVersion = 9.4.1;
					};
				};
			};
			buildConfigurationList = 7F56E518213EDE6D0053AB31 /* Build configuration list for PBXProject "Buttons,Labels,Action,outlets" */;
			compatibilityVersion = "Xcode 9.3";
			developmentRegion = en;
			hasScannedForEncodings = 0;
			knownRegions = (
				en,
				Base,
			);
			mainGroup = 7F56E514213EDE6D0053AB31;
			productRefGroup = 7F56E51E213EDE6D0053AB31 /* Products */;
			projectDirPath = "";
			projectRoot = "";
			targets = (
				7F56E51C213EDE6D0053AB31 /* Buttons,Labels,Action,outlets */,
			);
		};
/* End PBXProject section */

/* Begin PBXResourcesBuildPhase section */
		7F56E51B213EDE6D0053AB31 /* Resources */ = {
			isa = PBXResourcesBuildPhase;
			buildActionMask = 2147483647;
			files = (
				7F56E52B213EDE6F0053AB31 /* LaunchScreen.storyboard in Resources */,
				7F56E528213EDE6F0053AB31 /* Assets.xcassets in Resources */,
				7F56E526213EDE6E0053AB31 /* Main.storyboard in Resources */,
			);
			runOnlyForDeploymentPostprocessing = 0;
		};
/* End PBXResourcesBuildPhase section */

/* Begin PBXSourcesBuildPhase section */
		7F56E519213EDE6D0053AB31 /* Sources */ = {
			isa = PBXSourcesBuildPhase;
			buildActionMask = 2147483647;
			files = (
				7F56E523213EDE6E0053AB31 /* ViewController.swift in Sources */,
				7F56E521213EDE6E0053AB31 /* AppDelegate.swift in Sources */,
			);
			runOnlyForDeploymentPostprocessing = 0;
		};
/* End PBXSourcesBuildPhase section */

/* Begin PBXVariantGroup section */
		7F56E524213EDE6E0053AB31 /* Main.storyboard */ = {
			isa = PBXVariantGroup;
			children = (
				7F56E525213EDE6E0053AB31 /* Base */,
			);
			name = Main.storyboard;
			sourceTree = "<group>";
		};
		7F56E529213EDE6F0053AB31 /* LaunchScreen.storyboard */ = {
			isa = PBXVariantGroup;
			children = (
				7F56E52A213EDE6F0053AB31 /* Base */,
			);
			name = LaunchScreen.storyboard;
			sourceTree = "<group>";
		};
/* End PBXVariantGroup section */

/* Begin XCBuildConfiguration section */
		7F56E52D213EDE6F0053AB31 /* Debug */ = {
			isa = XCBuildConfiguration;
			buildSettings = {
				ALWAYS_SEARCH_USER_PATHS = NO;
				CLANG_ANALYZER_NONNULL = YES;
				CLANG_ANALYZER_NUMBER_OBJECT_CONVERSION = YES_AGGRESSIVE;
				CLANG_CXX_LANGUAGE_STANDARD = "gnu++14";
				CLANG_CXX_LIBRARY = "libc++";
				CLANG_ENABLE_MODULES = YES;
				CLANG_ENABLE_OBJC_ARC = YES;
				CLANG_ENABLE_OBJC_WEAK = YES;
				CLANG_WARN_BLOCK_CAPTURE_AUTORELEASING = YES;
				CLANG_WARN_BOOL_CONVERSION = YES;
				CLANG_WARN_COMMA = YES;
				CLANG_WARN_CONSTANT_CONVERSION = YES;
				CLANG_WARN_DEPRECATED_OBJC_IMPLEMENTATIONS = YES;
				CLANG_WARN_DIRECT_OBJC_ISA_USAGE = YES_ERROR;
				CLANG_WARN_DOCUMENTATION_COMMENTS = YES;
				CLANG_WARN_EMPTY_BODY = YES;
				CLANG_WARN_ENUM_CONVERSION = YES;
				CLANG_WARN_INFINITE_RECURSION = YES;
				CLANG_WARN_INT_CONVERSION = YES;
				CLANG_WARN_NON_LITERAL_NULL_CONVERSION = YES;
				CLANG_WARN_OBJC_IMPLICIT_RETAIN_SELF = YES;
				CLANG_WARN_OBJC_LITERAL_CONVERSION = YES;
				CLANG_WARN_OBJC_ROOT_CLASS = YES_ERROR;
				CLANG_WARN_RANGE_LOOP_ANALYSIS = YES;
				CLANG_WARN_STRICT_PROTOTYPES = YES;
				CLANG_WARN_SUSPICIOUS_MOVE = YES;
				CLANG_WARN_UNGUARDED_AVAILABILITY = YES_AGGRESSIVE;
				CLANG_WARN_UNREACHABLE_CODE = YES;
				CLANG_WARN__DUPLICATE_METHOD_MATCH = YES;
				CODE_SIGN_IDENTITY = "iPhone Developer";
				COPY_PHASE_STRIP = NO;
				DEBUG_INFORMATION_FORMAT = dwarf;
				ENABLE_STRICT_OBJC_MSGSEND = YES;
				ENABLE_TESTABILITY = YES;
				GCC_C_LANGUAGE_STANDARD = gnu11;
				GCC_DYNAMIC_NO_PIC = NO;
				GCC_NO_COMMON_BLOCKS = YES;
				GCC_OPTIMIZATION_LEVEL = 0;
				GCC_PREPROCESSOR_DEFINITIONS = (
					"DEBUG=1",
					"$(inherited)",
				);
				GCC_WARN_64_TO_32_BIT_CONVERSION = YES;
				GCC_WARN_ABOUT_RETURN_TYPE = YES_ERROR;
				GCC_WARN_UNDECLARED_SELECTOR = YES;
				GCC_WARN_UNINITIALIZED_AUTOS = YES_AGGRESSIVE;
				GCC_WARN_UNUSED_FUNCTION = YES;
				GCC_WARN_UNUSED_VARIABLE = YES;
				IPHONEOS_DEPLOYMENT_TARGET = 11.4;
				MTL_ENABLE_DEBUG_INFO = YES;
				ONLY_ACTIVE_ARCH = YES;
				SDKROOT = iphoneos;
				SWIFT_ACTIVE_COMPILATION_CONDITIONS = DEBUG;
				SWIFT_OPTIMIZATION_LEVEL = "-Onone";
			};
			name = Debug;
		};
		7F56E52E213EDE6F0053AB31 /* Release */ = {
			isa = XCBuildConfiguration;
			buildSettings = {
				ALWAYS_SEARCH_USER_PATHS = NO;
				CLANG_ANALYZER_NONNULL = YES;
				CLANG_ANALYZER_NUMBER_OBJECT_CONVERSION = YES_AGGRESSIVE;
				CLANG_CXX_LANGUAGE_STANDARD = "gnu++14";
				CLANG_CXX_LIBRARY = "libc++";
				CLANG_ENABLE_MODULES = YES;
				CLANG_ENABLE_OBJC_ARC = YES;
				CLANG_ENABLE_OBJC_WEAK = YES;
				CLANG_WARN_BLOCK_CAPTURE_AUTORELEASING = YES;
				CLANG_WARN_BOOL_CONVERSION = YES;
				CLANG_WARN_COMMA = YES;
				CLANG_WARN_CONSTANT_CONVERSION = YES;
				CLANG_WARN_DEPRECATED_OBJC_IMPLEMENTATIONS = YES;
				CLANG_WARN_DIRECT_OBJC_ISA_USAGE = YES_ERROR;
				CLANG_WARN_DOCUMENTATION_COMMENTS = YES;
				CLANG_WARN_EMPTY_BODY = YES;
				CLANG_WARN_ENUM_CONVERSION = YES;
				CLANG_WARN_INFINITE_RECURSION = YES;
				CLANG_WARN_INT_CONVERSION = YES;
				CLANG_WARN_NON_LITERAL_NULL_CONVERSION = YES;
				CLANG_WARN_OBJC_IMPLICIT_RETAIN_SELF = YES;
				CLANG_WARN_OBJC_LITERAL_CONVERSION = YES;
				CLANG_WARN_OBJC_ROOT_CLASS = YES_ERROR;
				CLANG_WARN_RANGE_LOOP_ANALYSIS = YES;
				CLANG_WARN_STRICT_PROTOTYPES = YES;
				CLANG_WARN_SUSPICIOUS_MOVE = YES;
				CLANG_WARN_UNGUARDED_AVAILABILITY = YES_AGGRESSIVE;
				CLANG_WARN_UNREACHABLE_CODE = YES;
				CLANG_WARN__DUPLICATE_METHOD_MATCH = YES;
				CODE_SIGN_IDENTITY = "iPhone Developer";
				COPY_PHASE_STRIP = NO;
				DEBUG_INFORMATION_FORMAT = "dwarf-with-dsym";
				ENABLE_NS_ASSERTIONS = NO;
				ENABLE_STRICT_OBJC_MSGSEND = YES;
				GCC_C_LANGUAGE_STANDARD = gnu11;
				GCC_NO_COMMON_BLOCKS = YES;
				GCC_WARN_64_TO_32_BIT_CONVERSION = YES;
				GCC_WARN_ABOUT_RETURN_TYPE = YES_ERROR;
				GCC_WARN_UNDECLARED_SELECTOR = YES;
				GCC_WARN_UNINITIALIZED_AUTOS = YES_AGGRESSIVE;
				GCC_WARN_UNUSED_FUNCTION = YES;
				GCC_WARN_UNUSED_VARIABLE = YES;
				IPHONEOS_DEPLOYMENT_TARGET = 11.4;
				MTL_ENABLE_DEBUG_INFO = NO;
				SDKROOT = iphoneos;
				SWIFT_COMPILATION_MODE = wholemodule;
				SWIFT_OPTIMIZATION_LEVEL = "-O";
				VALIDATE_PRODUCT = YES;
			};
			name = Release;
		};
		7F56E530213EDE6F0053AB31 /* Debug */ = {
			isa = XCBuildConfiguration;
			buildSettings = {
				ASSETCATALOG_COMPILER_APPICON_NAME = AppIcon;
				CODE_SIGN_STYLE = Automatic;
				INFOPLIST_FILE = "Buttons,Labels,Action,outlets/Info.plist";
				LD_RUNPATH_SEARCH_PATHS = (
					"$(inherited)",
					"@executable_path/Frameworks",
				);
				PRODUCT_BUNDLE_IDENTIFIER = "org.116-rlas.Buttons-Labels-Action-outlets";
				PRODUCT_NAME = "$(TARGET_NAME)";
				SWIFT_VERSION = 4.0;
				TARGETED_DEVICE_FAMILY = "1,2";
			};
			name = Debug;
		};
		7F56E531213EDE6F0053AB31 /* Release */ = {
			isa = XCBuildConfiguration;
			buildSettings = {
				ASSETCATALOG_COMPILER_APPICON_NAME = AppIcon;
				CODE_SIGN_STYLE = Automatic;
				INFOPLIST_FILE = "Buttons,Labels,Action,outlets/Info.plist";
				LD_RUNPATH_SEARCH_PATHS = (
					"$(inherited)",
					"@executable_path/Frameworks",
				);
				PRODUCT_BUNDLE_IDENTIFIER = "org.116-rlas.Buttons-Labels-Action-outlets";
				PRODUCT_NAME = "$(TARGET_NAME)";
				SWIFT_VERSION = 4.0;
				TARGETED_DEVICE_FAMILY = "1,2";
			};
			name = Release;
		};
/* End XCBuildConfiguration section */

/* Begin XCConfigurationList section */
		7F56E518213EDE6D0053AB31 /* Build configuration list for PBXProject "Buttons,Labels,Action,outlets" */ = {
			isa = XCConfigurationList;
			buildConfigurations = (
				7F56E52D213EDE6F0053AB31 /* Debug */,
				7F56E52E213EDE6F0053AB31 /* Release */,
			);
			defaultConfigurationIsVisible = 0;
			defaultConfigurationName = Release;
		};
		7F56E52F213EDE6F0053AB31 /* Build configuration list for PBXNativeTarget "Buttons,Labels,Action,outlets" */ = {
			isa = XCConfigurationList;
			buildConfigurations = (
				7F56E530213EDE6F0053AB31 /* Debug */,
				7F56E531213EDE6F0053AB31 /* Release */,
			);
			defaultConfigurationIsVisible = 0;
			defaultConfigurationName = Release;
		};
/* End XCConfigurationList section */
	};
	rootObject = 7F56E515213EDE6D0053AB31 /* Project object */;
}
